<?xml version="1.0" encoding="utf-8"?>
<Project ToolsVersion="4.0" xmlns="http://schemas.microsoft.com/developer/msbuild/2003">
  <ItemGroup>
    <Filter Include="Source Files">
      <UniqueIdentifier>{4FC737F1-C7A5-4376-A066-2A32D752A2FF}</UniqueIdentifier>
      <Extensions>cpp;c;cc;cxx;def;odl;idl;hpj;bat;asm;asmx</Extensions>
    </Filter>
    <Filter Include="Header Files">
      <UniqueIdentifier>{93995380-89BD-4b04-88EB-625FBE52EBFB}</UniqueIdentifier>
      <Extensions>h;hh;hpp;hxx;hm;inl;inc;ipp;xsd</Extensions>
    </Filter>
    <Filter Include="Resource Files">
      <UniqueIdentifier>{67DA6AB6-F800-4c08-8B7A-83BB121AAD01}</UniqueIdentifier>
      <Extensions>rc;ico;cur;bmp;dlg;rc2;rct;bin;rgs;gif;jpg;jpeg;jpe;resx;tiff;tif;png;wav;mfcribbon-ms</Extensions>
    </Filter>
    <Filter Include="Libraries">
      <UniqueIdentifier>{7cf6314c-e36d-40a2-b1fa-9ad1256da7a6}</UniqueIdentifier>
    </Filter>
    <Filter Include="Source Files\Game Screens">
      <UniqueIdentifier>{5ab541e3-7bdd-4438-8aa8-d9f72210b69e}</UniqueIdentifier>
    </Filter>
    <Filter Include="Source Files\Character">
      <UniqueIdentifier>{e4e1015e-81b3-4273-9a69-3128cd5dab44}</UniqueIdentifier>
    </Filter>
  </ItemGroup>
  <ItemGroup>
    <ClCompile Include="Src\Character\Character.cpp">
      <Filter>Source Files\Character</Filter>
    </ClCompile>
    <ClCompile Include="Src\Character\CharacterCoin.cpp">
      <Filter>Source Files\Character</Filter>
    </ClCompile>
    <ClCompile Include="Src\Character\CharacterEnemy.cpp">
      <Filter>Source Files\Character</Filter>
    </ClCompile>
    <ClCompile Include="Src\Character\CharacterKoopa.cpp">
      <Filter>Source Files\Character</Filter>
    </ClCompile>
    <ClCompile Include="Src\Character\CharacterPlayable.cpp">
      <Filter>Source Files\Character</Filter>
    </ClCompile>
    <ClCompile Include="Src\GameScreen\GameScreen.cpp">
      <Filter>Source Files\Game Screens</Filter>
    </ClCompile>
    <ClCompile Include="Src\GameScreen\GameScreenGameover.cpp">
      <Filter>Source Files\Game Screens</Filter>
    </ClCompile>
    <ClCompile Include="Src\GameScreen\GameScreenIntro.cpp">
      <Filter>Source Files\Game Screens</Filter>
    </ClCompile>
    <ClCompile Include="Src\GameScreen\GameScreenLevel1.cpp">
      <Filter>Source Files\Game Screens</Filter>
    </ClCompile>
    <ClCompile Include="Src\GameScreen\GameScreenManager.cpp">
      <Filter>Source Files\Game Screens</Filter>
    </ClCompile>
    <ClCompile Include="Src\Sound Management\SoundEffect.cpp">
      <Filter>Source Files</Filter>
    </ClCompile>
    <ClCompile Include="Src\Sound Management\SoundList.cpp">
      <Filter>Source Files</Filter>
    </ClCompile>
    <ClCompile Include="Src\Text and Textures\Font.cpp">
      <Filter>Source Files</Filter>
    </ClCompile>
    <ClCompile Include="Src\Text and Textures\Texture2D.cpp">
      <Filter>Source Files</Filter>
    </ClCompile>
    <ClCompile Include="Src\Other\Collisions.cpp">
      <Filter>Source Files</Filter>
    </ClCompile>
    <ClCompile Include="Src\Other\LevelMap.cpp">
      <Filter>Source Files</Filter>
    </ClCompile>
    <ClCompile Include="Src\Other\PowBlock.cpp">
      <Filter>Source Files</Filter>
    </ClCompile>
    <ClCompile Include="Src\Other\ScoreManager.cpp">
      <Filter>Source Files</Filter>
    </ClCompile>
    <ClCompile Include="Src\Other\Source.cpp">
      <Filter>Source Files</Filter>
    </ClCompile>
    <ClCompile Include="Src\Other\EnemyWave.cpp">
      <Filter>Source Files</Filter>
    </ClCompile>
    <ClCompile Include="Src\GameScreen\GameScreenLevel2.cpp">
      <Filter>Source Files</Filter>
    </ClCompile>
    <ClCompile Include="Src\Character\CharacterMario.cpp">
      <Filter>Source Files</Filter>
    </ClCompile>
    <ClCompile Include="Src\Character\CharacterGoomba.cpp">
      <Filter>Source Files</Filter>
    </ClCompile>
    <ClCompile Include="Src\Character\CharacterFly.cpp">
      <Filter>Source Files</Filter>
    </ClCompile>
    <ClCompile Include="Src\Character\CharacterMariolandEnemy.cpp">
      <Filter>Source Files</Filter>
    </ClCompile>
  </ItemGroup>
  <ItemGroup>
    <Library Include="SDL\SDL2.lib">
      <Filter>Libraries</Filter>
    </Library>
    <Library Include="SDL\SDL2_image.lib">
      <Filter>Libraries</Filter>
    </Library>
    <Library Include="SDL\SDL2_mixer.lib">
      <Filter>Libraries</Filter>
    </Library>
    <Library Include="SDL\SDL2main.lib">
      <Filter>Libraries</Filter>
    </Library>
  </ItemGroup>
  <ItemGroup>
    <ClInclude Include="Src\Character\Character.h">
      <Filter>Header Files</Filter>
    </ClInclude>
    <ClInclude Include="Src\Character\CharacterCoin.h">
      <Filter>Header Files</Filter>
    </ClInclude>
    <ClInclude Include="Src\Character\CharacterEnemy.h">
      <Filter>Header Files</Filter>
    </ClInclude>
    <ClInclude Include="Src\Character\CharacterKoopa.h">
      <Filter>Header Files</Filter>
    </ClInclude>
    <ClInclude Include="Src\Character\CharacterPlayable.h">
      <Filter>Header Files</Filter>
    </ClInclude>
    <ClInclude Include="Src\GameScreen\GameScreen.h">
      <Filter>Header Files</Filter>
    </ClInclude>
    <ClInclude Include="Src\GameScreen\GameScreenGameover.h">
      <Filter>Header Files</Filter>
    </ClInclude>
    <ClInclude Include="Src\GameScreen\GameScreenIntro.h">
      <Filter>Header Files</Filter>
    </ClInclude>
    <ClInclude Include="Src\GameScreen\GameScreenLevel1.h">
      <Filter>Header Files</Filter>
    </ClInclude>
    <ClInclude Include="Src\GameScreen\GameScreenManager.h">
      <Filter>Header Files</Filter>
    </ClInclude>
    <ClInclude Include="Src\Sound Management\SoundEffect.h">
      <Filter>Header Files</Filter>
    </ClInclude>
    <ClInclude Include="Src\Sound Management\SoundList.h">
      <Filter>Header Files</Filter>
    </ClInclude>
    <ClInclude Include="Src\Text and Textures\Font.h">
      <Filter>Header Files</Filter>
    </ClInclude>
    <ClInclude Include="Src\Text and Textures\Texture2D.h">
      <Filter>Header Files</Filter>
    </ClInclude>
    <ClInclude Include="Src\Other\Collisions.h">
      <Filter>Header Files</Filter>
    </ClInclude>
    <ClInclude Include="Src\Other\Commons.h">
      <Filter>Header Files</Filter>
    </ClInclude>
    <ClInclude Include="Src\Other\Constants.h">
      <Filter>Header Files</Filter>
    </ClInclude>
    <ClInclude Include="Src\Other\LevelMap.h">
      <Filter>Header Files</Filter>
    </ClInclude>
    <ClInclude Include="Src\Other\PowBlock.h">
      <Filter>Header Files</Filter>
    </ClInclude>
    <ClInclude Include="Src\Other\ScoreManager.h">
      <Filter>Header Files</Filter>
    </ClInclude>
    <ClInclude Include="Src\Other\EnemyWave.h">
      <Filter>Header Files</Filter>
    </ClInclude>
    <ClInclude Include="Src\GameScreen\GameScreenLevel2.h">
      <Filter>Header Files</Filter>
    </ClInclude>
    <ClInclude Include="Src\Other\Tileset.h">
      <Filter>Header Files</Filter>
    </ClInclude>
    <ClInclude Include="Src\Character\CharacterMario.h">
      <Filter>Header Files</Filter>
    </ClInclude>
    <ClInclude Include="Src\Character\CharacterGoomba.h">
      <Filter>Header Files</Filter>
    </ClInclude>
    <ClInclude Include="Src\Character\CharacterFly.h">
      <Filter>Header Files</Filter>
    </ClInclude>
    <ClInclude Include="Src\Character\CharacterMariolandEnemy.h">
      <Filter>Header Files</Filter>
    </ClInclude>
  </ItemGroup>
</Project>